{
  "name": "voyage-copilot",
  "lockfileVersion": 3,
  "requires": true,
  "packages": {
    "": {
      "name": "voyage-copilot",
      "dependencies": {
        "pnpm": "^11.15.0"
      }
    },
    "node_modules/pnpm": {
      "version": "11.15.0",
      "resolved": "https://registry.npmjs.org/pnpm/-/pnpm-11.15.0.tgz",
      "integrity": "sha512-Jm+JV6MNK+bpRo5eZrze3TWnlBdfcbBnuoUE1obM4dDA9CmzPDI8PFaa1IkeZnV0pJ/3HRuJoizGbxPGWBjFeA==",
      "license": "MIT",
      "bin": {
        "pn": "bin/pnpm.mjs",
        "pnpm": "bin/pnpm.mjs",
        "pnpx": "bin/pnpx.mjs",
        "pnx": "bin/pnpx.mjs"
      },
      "engines": {
        "node": ">=22.13"
      },
      "funding": {
        "url": "https://opencollective.com/pnpm"
      }
    }
  }
}
